
Microsoft Visual Studio Solution File, Format Version 12.00
# Visual Studio 15
VisualStudioVersion = 15.0.26730.12
MinimumVisualStudioVersion = 10.0.40219.1
Project("{FAE04EC0-301F-11D3-BF4B-00C04F79EFBC}") = "MASMA", "MASMA\MASMA.csproj", "{2E46F5ED-AF88-4A66-8EBB-3BECE46FF80C}"
EndProject
Global
	GlobalSection(SolutionConfigurationPlatforms) = preSolution
		Debug|Any CPU = Debug|Any CPU
		Release|Any CPU = Release|Any CPU
	EndGlobalSection
	GlobalSection(ProjectConfigurationPlatforms) = postSolution
		{2E46F5ED-AF88-4A66-8EBB-3BECE46FF80C}.Debug|Any CPU.ActiveCfg = Debug|Any CPU
		{2E46F5ED-AF88-4A66-8EBB-3BECE46FF80C}.Debug|Any CPU.Build.0 = Debug|Any CPU
		{2E46F5ED-AF88-4A66-8EBB-3BECE46FF80C}.Release|Any CPU.ActiveCfg = Release|Any CPU
		{2E46F5ED-AF88-4A66-8EBB-3BECE46FF80C}.Release|Any CPU.Build.0 = Release|Any CPU
	EndGlobalSection
	GlobalSection(SolutionProperties) = preSolution
		HideSolutionNode = FALSE
	EndGlobalSection
	GlobalSection(ExtensibilityGlobals) = postSolution
		SolutionGuid = {744AA5DE-C92A-4F9F-A835-755F816892F5}
	EndGlobalSection
EndGlobal
